
Microsoft Visual Studio Solution File, Format Version 12.00
# Visual Studio Version 16
VisualStudioVersion = 16.0.30406.217
MinimumVisualStudioVersion = 10.0.40219.1
Project("{FAE04EC0-301F-11D3-BF4B-00C04F79EFBC}") = "PasswordGeneration", "PasswordGeneration\PasswordGeneration.csproj", "{92E99655-C1DB-4E6F-BE4D-521616B5AADD}"
EndProject
Global
	GlobalSection(SolutionConfigurationPlatforms) = preSolution
		Debug|Any CPU = Debug|Any CPU
		Release|Any CPU = Release|Any CPU
	EndGlobalSection
	GlobalSection(ProjectConfigurationPlatforms) = postSolution
		{92E99655-C1DB-4E6F-BE4D-521616B5AADD}.Debug|Any CPU.ActiveCfg = Debug|Any CPU
		{92E99655-C1DB-4E6F-BE4D-521616B5AADD}.Debug|Any CPU.Build.0 = Debug|Any CPU
		{92E99655-C1DB-4E6F-BE4D-521616B5AADD}.Release|Any CPU.ActiveCfg = Release|Any CPU
		{92E99655-C1DB-4E6F-BE4D-521616B5AADD}.Release|Any CPU.Build.0 = Release|Any CPU
	EndGlobalSection
	GlobalSection(SolutionProperties) = preSolution
		HideSolutionNode = FALSE
	EndGlobalSection
	GlobalSection(ExtensibilityGlobals) = postSolution
		SolutionGuid = {5D21841F-530D-4C10-98DD-910962B11910}
	EndGlobalSection
EndGlobal
